
Microsoft Visual Studio Solution File, Format Version 12.00
# Visual Studio Version 16
VisualStudioVersion = 16.0.29519.181
MinimumVisualStudioVersion = 10.0.40219.1
Project("{9A19103F-16F7-4668-BE54-9A1E7A4F7556}") = "SQLvcs", "SQLvcs.csproj", "{C4C27719-27E4-451D-86FE-5FEDC0749DD5}"
EndProject
Global
	GlobalSection(SolutionConfigurationPlatforms) = preSolution
		Debug|Any CPU = Debug|Any CPU
		Release|Any CPU = Release|Any CPU
	EndGlobalSection
	GlobalSection(ProjectConfigurationPlatforms) = postSolution
		{C4C27719-27E4-451D-86FE-5FEDC0749DD5}.Debug|Any CPU.ActiveCfg = Debug|Any CPU
		{C4C27719-27E4-451D-86FE-5FEDC0749DD5}.Debug|Any CPU.Build.0 = Debug|Any CPU
		{C4C27719-27E4-451D-86FE-5FEDC0749DD5}.Release|Any CPU.ActiveCfg = Release|Any CPU
		{C4C27719-27E4-451D-86FE-5FEDC0749DD5}.Release|Any CPU.Build.0 = Release|Any CPU
	EndGlobalSection
	GlobalSection(SolutionProperties) = preSolution
		HideSolutionNode = FALSE
	EndGlobalSection
	GlobalSection(ExtensibilityGlobals) = postSolution
		SolutionGuid = {072DDAFD-F1A2-4DF1-B7F4-3DB16E27C995}
	EndGlobalSection
EndGlobal
